
Microsoft Visual Studio Solution File, Format Version 12.00
# Visual Studio 15
VisualStudioVersion = 15.0.27703.2042
MinimumVisualStudioVersion = 10.0.40219.1
Project("{DA7A21FA-8162-4350-AD77-A8D1B671F3ED}") = "MyPlot", "MyPlot.rxproj", "{ECE1A45E-069D-4D73-93E3-65A8DE54AB52}"
EndProject
Global
	GlobalSection(SolutionConfigurationPlatforms) = preSolution
		Debug|Any CPU = Debug|Any CPU
		Release|Any CPU = Release|Any CPU
	EndGlobalSection
	GlobalSection(ProjectConfigurationPlatforms) = postSolution
		{ECE1A45E-069D-4D73-93E3-65A8DE54AB52}.Debug|Any CPU.ActiveCfg = Debug|Any CPU
		{ECE1A45E-069D-4D73-93E3-65A8DE54AB52}.Debug|Any CPU.Build.0 = Debug|Any CPU
		{ECE1A45E-069D-4D73-93E3-65A8DE54AB52}.Release|Any CPU.ActiveCfg = Release|Any CPU
		{ECE1A45E-069D-4D73-93E3-65A8DE54AB52}.Release|Any CPU.Build.0 = Release|Any CPU
	EndGlobalSection
	GlobalSection(SolutionProperties) = preSolution
		HideSolutionNode = FALSE
	EndGlobalSection
	GlobalSection(ExtensibilityGlobals) = postSolution
		SolutionGuid = {61BC1581-EA40-4109-B996-7B32B9ABCA3E}
	EndGlobalSection
EndGlobal
